// !$*UTF8*$!
{
	archiveVersion = 1;
	classes = {
	};
	objectVersion = 46;
	objects = {

/* Begin PBXBuildFile section */
		2E3855DD1EE692580086BFCA /* main.m in Sources */ = {isa = PBXBuildFile; fileRef = 2E3855DC1EE692580086BFCA /* main.m */; };
		2E3855E01EE692580086BFCA /* AppDelegate.m in Sources */ = {isa = PBXBuildFile; fileRef = 2E3855DF1EE692580086BFCA /* AppDelegate.m */; };
		2E3855E31EE692580086BFCA /* ViewController.m in Sources */ = {isa = PBXBuildFile; fileRef = 2E3855E21EE692580086BFCA /* ViewController.m */; };
		2E3855E61EE692580086BFCA /* Main.storyboard in Resources */ = {isa = PBXBuildFile; fileRef = 2E3855E41EE692580086BFCA /* Main.storyboard */; };
		2E3855E81EE692580086BFCA /* Assets.xcassets in Resources */ = {isa = PBXBuildFile; fileRef = 2E3855E71EE692580086BFCA /* Assets.xcassets */; };
		2E3855EB1EE692580086BFCA /* LaunchScreen.storyboard in Resources */ = {isa = PBXBuildFile; fileRef = 2E3855E91EE692580086BFCA /* LaunchScreen.storyboard */; };
		2E3855F61EE692580086BFCA /* pullTests.m in Sources */ = {isa = PBXBuildFile; fileRef = 2E3855F51EE692580086BFCA /* pullTests.m */; };
		2E3856011EE692580086BFCA /* pullUITests.m in Sources */ = {isa = PBXBuildFile; fileRef = 2E3856001EE692580086BFCA /* pullUITests.m */; };
		2E38560F1EE697490086BFCA /* login_logo@2x.png in Resources */ = {isa = PBXBuildFile; fileRef = 2E38560E1EE697490086BFCA /* login_logo@2x.png */; };
		2EEBF7CE1EF3C8F400DD0550 /* 111.png in Resources */ = {isa = PBXBuildFile; fileRef = 2EEBF7CD1EF3C8F400DD0550 /* 111.png */; };
		2EFBD7BF1EF0E529004A6A06 /* NextViewController.m in Sources */ = {isa = PBXBuildFile; fileRef = 2EFBD7BE1EF0E529004A6A06 /* NextViewController.m */; };
		2EFBD7C21EF132C7004A6A06 /* nextTableViewCell.m in Sources */ = {isa = PBXBuildFile; fileRef = 2EFBD7C11EF132C7004A6A06 /* nextTableViewCell.m */; };
		C01455A2143AA61B7CE7EF14 /* libPods-pull.a in Frameworks */ = {isa = PBXBuildFile; fileRef = 5B35CF54CCE639B2128E10CC /* libPods-pull.a */; };
/* End PBXBuildFile section */

/* Begin PBXContainerItemProxy section */
		2E3855F21EE692580086BFCA /* PBXContainerItemProxy */ = {
			isa = PBXContainerItemProxy;
			containerPortal = 2E3855D01EE692580086BFCA /* Project object */;
			proxyType = 1;
			remoteGlobalIDString = 2E3855D71EE692580086BFCA;
			remoteInfo = pull;
		};
		2E3855FD1EE692580086BFCA /* PBXContainerItemProxy */ = {
			isa = PBXContainerItemProxy;
			containerPortal = 2E3855D01EE692580086BFCA /* Project object */;
			proxyType = 1;
			remoteGlobalIDString = 2E3855D71EE692580086BFCA;
			remoteInfo = pull;
		};
/* End PBXContainerItemProxy section */

/* Begin PBXFileReference section */
		2E3855D81EE692580086BFCA /* pull.app */ = {isa = PBXFileReference; explicitFileType = wrapper.application; includeInIndex = 0; path = pull.app; sourceTree = BUILT_PRODUCTS_DIR; };
		2E3855DC1EE692580086BFCA /* main.m */ = {isa = PBXFileReference; lastKnownFileType = sourcecode.c.objc; path = main.m; sourceTree = "<group>"; };
		2E3855DE1EE692580086BFCA /* AppDelegate.h */ = {isa = PBXFileReference; lastKnownFileType = sourcecode.c.h; path = AppDelegate.h; sourceTree = "<group>"; };
		2E3855DF1EE692580086BFCA /* AppDelegate.m */ = {isa = PBXFileReference; lastKnownFileType = sourcecode.c.objc; path = AppDelegate.m; sourceTree = "<group>"; };
		2E3855E11EE692580086BFCA /* ViewController.h */ = {isa = PBXFileReference; lastKnownFileType = sourcecode.c.h; path = ViewController.h; sourceTree = "<group>"; };
		2E3855E21EE692580086BFCA /* ViewController.m */ = {isa = PBXFileReference; lastKnownFileType = sourcecode.c.objc; path = ViewController.m; sourceTree = "<group>"; };
		2E3855E51EE692580086BFCA /* Base */ = {isa = PBXFileReference; lastKnownFileType = file.storyboard; name = Base; path = Base.lproj/Main.storyboard; sourceTree = "<group>"; };
		2E3855E71EE692580086BFCA /* Assets.xcassets */ = {isa = PBXFileReference; lastKnownFileType = folder.assetcatalog; path = Assets.xcassets; sourceTree = "<group>"; };
		2E3855EA1EE692580086BFCA /* Base */ = {isa = PBXFileReference; lastKnownFileType = file.storyboard; name = Base; path = Base.lproj/LaunchScreen.storyboard; sourceTree = "<group>"; };
		2E3855EC1EE692580086BFCA /* Info.plist */ = {isa = PBXFileReference; lastKnownFileType = text.plist.xml; path = Info.plist; sourceTree = "<group>"; };
		2E3855F11EE692580086BFCA /* pullTests.xctest */ = {isa = PBXFileReference; explicitFileType = wrapper.cfbundle; includeInIndex = 0; path = pullTests.xctest; sourceTree = BUILT_PRODUCTS_DIR; };
		2E3855F51EE692580086BFCA /* pullTests.m */ = {isa = PBXFileReference; lastKnownFileType = sourcecode.c.objc; path = pullTests.m; sourceTree = "<group>"; };
		2E3855F71EE692580086BFCA /* Info.plist */ = {isa = PBXFileReference; lastKnownFileType = text.plist.xml; path = Info.plist; sourceTree = "<group>"; };
		2E3855FC1EE692580086BFCA /* pullUITests.xctest */ = {isa = PBXFileReference; explicitFileType = wrapper.cfbundle; includeInIndex = 0; path = pullUITests.xctest; sourceTree = BUILT_PRODUCTS_DIR; };
		2E3856001EE692580086BFCA /* pullUITests.m */ = {isa = PBXFileReference; lastKnownFileType = sourcecode.c.objc; path = pullUITests.m; sourceTree = "<group>"; };
		2E3856021EE692580086BFCA /* Info.plist */ = {isa = PBXFileReference; lastKnownFileType = text.plist.xml; path = Info.plist; sourceTree = "<group>"; };
		2E38560E1EE697490086BFCA /* login_logo@2x.png */ = {isa = PBXFileReference; lastKnownFileType = image.png; path = "login_logo@2x.png"; sourceTree = "<group>"; };
		2EEBF7CD1EF3C8F400DD0550 /* 111.png */ = {isa = PBXFileReference; lastKnownFileType = image.png; path = 111.png; sourceTree = "<group>"; };
		2EFBD7BD1EF0E529004A6A06 /* NextViewController.h */ = {isa = PBXFileReference; fileEncoding = 4; lastKnownFileType = sourcecode.c.h; path = NextViewController.h; sourceTree = "<group>"; };
		2EFBD7BE1EF0E529004A6A06 /* NextViewController.m */ = {isa = PBXFileReference; fileEncoding = 4; lastKnownFileType = sourcecode.c.objc; path = NextViewController.m; sourceTree = "<group>"; };
		2EFBD7C01EF132C7004A6A06 /* nextTableViewCell.h */ = {isa = PBXFileReference; fileEncoding = 4; lastKnownFileType = sourcecode.c.h; path = nextTableViewCell.h; sourceTree = "<group>"; };
		2EFBD7C11EF132C7004A6A06 /* nextTableViewCell.m */ = {isa = PBXFileReference; fileEncoding = 4; lastKnownFileType = sourcecode.c.objc; path = nextTableViewCell.m; sourceTree = "<group>"; };
		40CDD82C0E33C42B4AEA7A3A /* Pods-pull.release.xcconfig */ = {isa = PBXFileReference; includeInIndex = 1; lastKnownFileType = text.xcconfig; name = "Pods-pull.release.xcconfig"; path = "Pods/Target Support Files/Pods-pull/Pods-pull.release.xcconfig"; sourceTree = "<group>"; };
		5B35CF54CCE639B2128E10CC /* libPods-pull.a */ = {isa = PBXFileReference; explicitFileType = archive.ar; includeInIndex = 0; path = "libPods-pull.a"; sourceTree = BUILT_PRODUCTS_DIR; };
		A3F813B954AE97BD05B39973 /* Pods-pull.debug.xcconfig */ = {isa = PBXFileReference; includeInIndex = 1; lastKnownFileType = text.xcconfig; name = "Pods-pull.debug.xcconfig"; path = "Pods/Target Support Files/Pods-pull/Pods-pull.debug.xcconfig"; sourceTree = "<group>"; };
/* End PBXFileReference section */

/* Begin PBXFrameworksBuildPhase section */
		2E3855D51EE692580086BFCA /* Frameworks */ = {
			isa = PBXFrameworksBuildPhase;
			buildActionMask = 2147483647;
			files = (
				C01455A2143AA61B7CE7EF14 /* libPods-pull.a in Frameworks */,
			);
			runOnlyForDeploymentPostprocessing = 0;
		};
		2E3855EE1EE692580086BFCA /* Frameworks */ = {
			isa = PBXFrameworksBuildPhase;
			buildActionMask = 2147483647;
			files = (
			);
			runOnlyForDeploymentPostprocessing = 0;
		};
		2E3855F91EE692580086BFCA /* Frameworks */ = {
			isa = PBXFrameworksBuildPhase;
			buildActionMask = 2147483647;
			files = (
			);
			runOnlyForDeploymentPostprocessing = 0;
		};
/* End PBXFrameworksBuildPhase section */

/* Begin PBXGroup section */
		2E3855CF1EE692580086BFCA = {
			isa = PBXGroup;
			children = (
				2E3855DA1EE692580086BFCA /* pull */,
				2E3855F41EE692580086BFCA /* pullTests */,
				2E3855FF1EE692580086BFCA /* pullUITests */,
				2E3855D91EE692580086BFCA /* Products */,
				395ACDDB065275FB1A178A39 /* Pods */,
				32A657CFC1D89BDE7C02547D /* Frameworks */,
			);
			sourceTree = "<group>";
		};
		2E3855D91EE692580086BFCA /* Products */ = {
			isa = PBXGroup;
			children = (
				2E3855D81EE692580086BFCA /* pull.app */,
				2E3855F11EE692580086BFCA /* pullTests.xctest */,
				2E3855FC1EE692580086BFCA /* pullUITests.xctest */,
			);
			name = Products;
			sourceTree = "<group>";
		};
		2E3855DA1EE692580086BFCA /* pull */ = {
			isa = PBXGroup;
			children = (
				2E38560E1EE697490086BFCA /* login_logo@2x.png */,
				2EEBF7CD1EF3C8F400DD0550 /* 111.png */,
				2E3855DE1EE692580086BFCA /* AppDelegate.h */,
				2E3855DF1EE692580086BFCA /* AppDelegate.m */,
				2E3855E11EE692580086BFCA /* ViewController.h */,
				2E3855E21EE692580086BFCA /* ViewController.m */,
				2EFBD7BD1EF0E529004A6A06 /* NextViewController.h */,
				2EFBD7BE1EF0E529004A6A06 /* NextViewController.m */,
				2EFBD7C01EF132C7004A6A06 /* nextTableViewCell.h */,
				2EFBD7C11EF132C7004A6A06 /* nextTableViewCell.m */,
				2E3855E41EE692580086BFCA /* Main.storyboard */,
				2E3855E71EE692580086BFCA /* Assets.xcassets */,
				2E3855E91EE692580086BFCA /* LaunchScreen.storyboard */,
				2E3855EC1EE692580086BFCA /* Info.plist */,
				2E3855DB1EE692580086BFCA /* Supporting Files */,
			);
			path = pull;
			sourceTree = "<group>";
		};
		2E3855DB1EE692580086BFCA /* Supporting Files */ = {
			isa = PBXGroup;
			children = (
				2E3855DC1EE692580086BFCA /* main.m */,
			);
			name = "Supporting Files";
			sourceTree = "<group>";
		};
		2E3855F41EE692580086BFCA /* pullTests */ = {
			isa = PBXGroup;
			children = (
				2E3855F51EE692580086BFCA /* pullTests.m */,
				2E3855F71EE692580086BFCA /* Info.plist */,
			);
			path = pullTests;
			sourceTree = "<group>";
		};
		2E3855FF1EE692580086BFCA /* pullUITests */ = {
			isa = PBXGroup;
			children = (
				2E3856001EE692580086BFCA /* pullUITests.m */,
				2E3856021EE692580086BFCA /* Info.plist */,
			);
			path = pullUITests;
			sourceTree = "<group>";
		};
		32A657CFC1D89BDE7C02547D /* Frameworks */ = {
			isa = PBXGroup;
			children = (
				5B35CF54CCE639B2128E10CC /* libPods-pull.a */,
			);
			name = Frameworks;
			sourceTree = "<group>";
		};
		395ACDDB065275FB1A178A39 /* Pods */ = {
			isa = PBXGroup;
			children = (
				A3F813B954AE97BD05B39973 /* Pods-pull.debug.xcconfig */,
				40CDD82C0E33C42B4AEA7A3A /* Pods-pull.release.xcconfig */,
			);
			name = Pods;
			sourceTree = "<group>";
		};
/* End PBXGroup section */

/* Begin PBXNativeTarget section */
		2E3855D71EE692580086BFCA /* pull */ = {
			isa = PBXNativeTarget;
			buildConfigurationList = 2E3856051EE692580086BFCA /* Build configuration list for PBXNativeTarget "pull" */;
			buildPhases = (
				70C5F13826F8BB00CD0AAF2F /* [CP] Check Pods Manifest.lock */,
				2E3855D41EE692580086BFCA /* Sources */,
				2E3855D51EE692580086BFCA /* Frameworks */,
				2E3855D61EE692580086BFCA /* Resources */,
				7CDC244824FAB9377C29EA79 /* [CP] Embed Pods Frameworks */,
				51536D0AC734C66056DFE874 /* [CP] Copy Pods Resources */,
			);
			buildRules = (
			);
			dependencies = (
			);
			name = pull;
			productName = pull;
			productReference = 2E3855D81EE692580086BFCA /* pull.app */;
			productType = "com.apple.product-type.application";
		};
		2E3855F01EE692580086BFCA /* pullTests */ = {
			isa = PBXNativeTarget;
			buildConfigurationList = 2E3856081EE692580086BFCA /* Build configuration list for PBXNativeTarget "pullTests" */;
			buildPhases = (
				2E3855ED1EE692580086BFCA /* Sources */,
				2E3855EE1EE692580086BFCA /* Frameworks */,
				2E3855EF1EE692580086BFCA /* Resources */,
			);
			buildRules = (
			);
			dependencies = (
				2E3855F31EE692580086BFCA /* PBXTargetDependency */,
			);
			name = pullTests;
			productName = pullTests;
			productReference = 2E3855F11EE692580086BFCA /* pullTests.xctest */;
			productType = "com.apple.product-type.bundle.unit-test";
		};
		2E3855FB1EE692580086BFCA /* pullUITests */ = {
			isa = PBXNativeTarget;
			buildConfigurationList = 2E38560B1EE692580086BFCA /* Build configuration list for PBXNativeTarget "pullUITests" */;
			buildPhases = (
				2E3855F81EE692580086BFCA /* Sources */,
				2E3855F91EE692580086BFCA /* Frameworks */,
				2E3855FA1EE692580086BFCA /* Resources */,
			);
			buildRules = (
			);
			dependencies = (
				2E3855FE1EE692580086BFCA /* PBXTargetDependency */,
			);
			name = pullUITests;
			productName = pullUITests;
			productReference = 2E3855FC1EE692580086BFCA /* pullUITests.xctest */;
			productType = "com.apple.product-type.bundle.ui-testing";
		};
/* End PBXNativeTarget section */

/* Begin PBXProject section */
		2E3855D01EE692580086BFCA /* Project object */ = {
			isa = PBXProject;
			attributes = {
				LastUpgradeCheck = 0830;
				ORGANIZATIONNAME = qiwei;
				TargetAttributes = {
					2E3855D71EE692580086BFCA = {
						CreatedOnToolsVersion = 8.3.1;
						DevelopmentTeam = K4LGCP549G;
						ProvisioningStyle = Automatic;
					};
					2E3855F01EE692580086BFCA = {
						CreatedOnToolsVersion = 8.3.1;
						DevelopmentTeam = K4LGCP549G;
						ProvisioningStyle = Automatic;
						TestTargetID = 2E3855D71EE692580086BFCA;
					};
					2E3855FB1EE692580086BFCA = {
						CreatedOnToolsVersion = 8.3.1;
						DevelopmentTeam = K4LGCP549G;
						ProvisioningStyle = Automatic;
						TestTargetID = 2E3855D71EE692580086BFCA;
					};
				};
			};
			buildConfigurationList = 2E3855D31EE692580086BFCA /* Build configuration list for PBXProject "pull" */;
			compatibilityVersion = "Xcode 3.2";
			developmentRegion = English;
			hasScannedForEncodings = 0;
			knownRegions = (
				en,
				Base,
			);
			mainGroup = 2E3855CF1EE692580086BFCA;
			productRefGroup = 2E3855D91EE692580086BFCA /* Products */;
			projectDirPath = "";
			projectRoot = "";
			targets = (
				2E3855D71EE692580086BFCA /* pull */,
				2E3855F01EE692580086BFCA /* pullTests */,
				2E3855FB1EE692580086BFCA /* pullUITests */,
			);
		};
/* End PBXProject section */

/* Begin PBXResourcesBuildPhase section */
		2E3855D61EE692580086BFCA /* Resources */ = {
			isa = PBXResourcesBuildPhase;
			buildActionMask = 2147483647;
			files = (
				2E3855EB1EE692580086BFCA /* LaunchScreen.storyboard in Resources */,
				2E3855E81EE692580086BFCA /* Assets.xcassets in Resources */,
				2EEBF7CE1EF3C8F400DD0550 /* 111.png in Resources */,
				2E3855E61EE692580086BFCA /* Main.storyboard in Resources */,
				2E38560F1EE697490086BFCA /* login_logo@2x.png in Resources */,
			);
			runOnlyForDeploymentPostprocessing = 0;
		};
		2E3855EF1EE692580086BFCA /* Resources */ = {
			isa = PBXResourcesBuildPhase;
			buildActionMask = 2147483647;
			files = (
			);
			runOnlyForDeploymentPostprocessing = 0;
		};
		2E3855FA1EE692580086BFCA /* Resources */ = {
			isa = PBXResourcesBuildPhase;
			buildActionMask = 2147483647;
			files = (
			);
			runOnlyForDeploymentPostprocessing = 0;
		};
/* End PBXResourcesBuildPhase section */

/* Begin PBXShellScriptBuildPhase section */
		51536D0AC734C66056DFE874 /* [CP] Copy Pods Resources */ = {
			isa = PBXShellScriptBuildPhase;
			buildActionMask = 2147483647;
			files = (
			);
			inputPaths = (
			);
			name = "[CP] Copy Pods Resources";
			outputPaths = (
			);
			runOnlyForDeploymentPostprocessing = 0;
			shellPath = /bin/sh;
			shellScript = "\"${SRCROOT}/Pods/Target Support Files/Pods-pull/Pods-pull-resources.sh\"\n";
			showEnvVarsInLog = 0;
		};
		70C5F13826F8BB00CD0AAF2F /* [CP] Check Pods Manifest.lock */ = {
			isa = PBXShellScriptBuildPhase;
			buildActionMask = 2147483647;
			files = (
			);
			inputPaths = (
			);
			name = "[CP] Check Pods Manifest.lock";
			outputPaths = (
			);
			runOnlyForDeploymentPostprocessing = 0;
			shellPath = /bin/sh;
			shellScript = "diff \"${PODS_ROOT}/../Podfile.lock\" \"${PODS_ROOT}/Manifest.lock\" > /dev/null\nif [ $? != 0 ] ; then\n    # print error to STDERR\n    echo \"error: The sandbox is not in sync with the Podfile.lock. Run 'pod install' or update your CocoaPods installation.\" >&2\n    exit 1\nfi\n";
			showEnvVarsInLog = 0;
		};
		7CDC244824FAB9377C29EA79 /* [CP] Embed Pods Frameworks */ = {
			isa = PBXShellScriptBuildPhase;
			buildActionMask = 2147483647;
			files = (
			);
			inputPaths = (
			);
			name = "[CP] Embed Pods Frameworks";
			outputPaths = (
			);
			runOnlyForDeploymentPostprocessing = 0;
			shellPath = /bin/sh;
			shellScript = "\"${SRCROOT}/Pods/Target Support Files/Pods-pull/Pods-pull-frameworks.sh\"\n";
			showEnvVarsInLog = 0;
		};
/* End PBXShellScriptBuildPhase section */

/* Begin PBXSourcesBuildPhase section */
		2E3855D41EE692580086BFCA /* Sources */ = {
			isa = PBXSourcesBuildPhase;
			buildActionMask = 2147483647;
			files = (
				2E3855E31EE692580086BFCA /* ViewController.m in Sources */,
				2EFBD7BF1EF0E529004A6A06 /* NextViewController.m in Sources */,
				2E3855E01EE692580086BFCA /* AppDelegate.m in Sources */,
				2EFBD7C21EF132C7004A6A06 /* nextTableViewCell.m in Sources */,
				2E3855DD1EE692580086BFCA /* main.m in Sources */,
			);
			runOnlyForDeploymentPostprocessing = 0;
		};
		2E3855ED1EE692580086BFCA /* Sources */ = {
			isa = PBXSourcesBuildPhase;
			buildActionMask = 2147483647;
			files = (
				2E3855F61EE692580086BFCA /* pullTests.m in Sources */,
			);
			runOnlyForDeploymentPostprocessing = 0;
		};
		2E3855F81EE692580086BFCA /* Sources */ = {
			isa = PBXSourcesBuildPhase;
			buildActionMask = 2147483647;
			files = (
				2E3856011EE692580086BFCA /* pullUITests.m in Sources */,
			);
			runOnlyForDeploymentPostprocessing = 0;
		};
/* End PBXSourcesBuildPhase section */

/* Begin PBXTargetDependency section */
		2E3855F31EE692580086BFCA /* PBXTargetDependency */ = {
			isa = PBXTargetDependency;
			target = 2E3855D71EE692580086BFCA /* pull */;
			targetProxy = 2E3855F21EE692580086BFCA /* PBXContainerItemProxy */;
		};
		2E3855FE1EE692580086BFCA /* PBXTargetDependency */ = {
			isa = PBXTargetDependency;
			target = 2E3855D71EE692580086BFCA /* pull */;
			targetProxy = 2E3855FD1EE692580086BFCA /* PBXContainerItemProxy */;
		};
/* End PBXTargetDependency section */

/* Begin PBXVariantGroup section */
		2E3855E41EE692580086BFCA /* Main.storyboard */ = {
			isa = PBXVariantGroup;
			children = (
				2E3855E51EE692580086BFCA /* Base */,
			);
			name = Main.storyboard;
			sourceTree = "<group>";
		};
		2E3855E91EE692580086BFCA /* LaunchScreen.storyboard */ = {
			isa = PBXVariantGroup;
			children = (
				2E3855EA1EE692580086BFCA /* Base */,
			);
			name = LaunchScreen.storyboard;
			sourceTree = "<group>";
		};
/* End PBXVariantGroup section */

/* Begin XCBuildConfiguration section */
		2E3856031EE692580086BFCA /* Debug */ = {
			isa = XCBuildConfiguration;
			buildSettings = {
				ALWAYS_SEARCH_USER_PATHS = NO;
				CLANG_ANALYZER_NONNULL = YES;
				CLANG_ANALYZER_NUMBER_OBJECT_CONVERSION = YES_AGGRESSIVE;
				CLANG_CXX_LANGUAGE_STANDARD = "gnu++0x";
				CLANG_CXX_LIBRARY = "libc++";
				CLANG_ENABLE_MODULES = YES;
				CLANG_ENABLE_OBJC_ARC = YES;
				CLANG_WARN_BOOL_CONVERSION = YES;
				CLANG_WARN_CONSTANT_CONVERSION = YES;
				CLANG_WARN_DIRECT_OBJC_ISA_USAGE = YES_ERROR;
				CLANG_WARN_DOCUMENTATION_COMMENTS = YES;
				CLANG_WARN_EMPTY_BODY = YES;
				CLANG_WARN_ENUM_CONVERSION = YES;
				CLANG_WARN_INFINITE_RECURSION = YES;
				CLANG_WARN_INT_CONVERSION = YES;
				CLANG_WARN_OBJC_ROOT_CLASS = YES_ERROR;
				CLANG_WARN_SUSPICIOUS_MOVE = YES;
				CLANG_WARN_UNREACHABLE_CODE = YES;
				CLANG_WARN__DUPLICATE_METHOD_MATCH = YES;
				"CODE_SIGN_IDENTITY[sdk=iphoneos*]" = "iPhone Developer";
				COPY_PHASE_STRIP = NO;
				DEBUG_INFORMATION_FORMAT = dwarf;
				ENABLE_STRICT_OBJC_MSGSEND = YES;
				ENABLE_TESTABILITY = YES;
				GCC_C_LANGUAGE_STANDARD = gnu99;
				GCC_DYNAMIC_NO_PIC = NO;
				GCC_NO_COMMON_BLOCKS = YES;
				GCC_OPTIMIZATION_LEVEL = 0;
				GCC_PREPROCESSOR_DEFINITIONS = (
					"DEBUG=1",
					"$(inherited)",
				);
				GCC_WARN_64_TO_32_BIT_CONVERSION = YES;
				GCC_WARN_ABOUT_RETURN_TYPE = YES_ERROR;
				GCC_WARN_UNDECLARED_SELECTOR = YES;
				GCC_WARN_UNINITIALIZED_AUTOS = YES_AGGRESSIVE;
				GCC_WARN_UNUSED_FUNCTION = YES;
				GCC_WARN_UNUSED_VARIABLE = YES;
				IPHONEOS_DEPLOYMENT_TARGET = 10.3;
				MTL_ENABLE_DEBUG_INFO = YES;
				ONLY_ACTIVE_ARCH = YES;
				SDKROOT = iphoneos;
			};
			name = Debug;
		};
		2E3856041EE692580086BFCA /* Release */ = {
			isa = XCBuildConfiguration;
			buildSettings = {
				ALWAYS_SEARCH_USER_PATHS = NO;
				CLANG_ANALYZER_NONNULL = YES;
				CLANG_ANALYZER_NUMBER_OBJECT_CONVERSION = YES_AGGRESSIVE;
				CLANG_CXX_LANGUAGE_STANDARD = "gnu++0x";
				CLANG_CXX_LIBRARY = "libc++";
				CLANG_ENABLE_MODULES = YES;
				CLANG_ENABLE_OBJC_ARC = YES;
				CLANG_WARN_BOOL_CONVERSION = YES;
				CLANG_WARN_CONSTANT_CONVERSION = YES;
				CLANG_WARN_DIRECT_OBJC_ISA_USAGE = YES_ERROR;
				CLANG_WARN_DOCUMENTATION_COMMENTS = YES;
				CLANG_WARN_EMPTY_BODY = YES;
				CLANG_WARN_ENUM_CONVERSION = YES;
				CLANG_WARN_INFINITE_RECURSION = YES;
				CLANG_WARN_INT_CONVERSION = YES;
				CLANG_WARN_OBJC_ROOT_CLASS = YES_ERROR;
				CLANG_WARN_SUSPICIOUS_MOVE = YES;
				CLANG_WARN_UNREACHABLE_CODE = YES;
				CLANG_WARN__DUPLICATE_METHOD_MATCH = YES;
				"CODE_SIGN_IDENTITY[sdk=iphoneos*]" = "iPhone Developer";
				COPY_PHASE_STRIP = NO;
				DEBUG_INFORMATION_FORMAT = "dwarf-with-dsym";
				ENABLE_NS_ASSERTIONS = NO;
				ENABLE_STRICT_OBJC_MSGSEND = YES;
				GCC_C_LANGUAGE_STANDARD = gnu99;
				GCC_NO_COMMON_BLOCKS = YES;
				GCC_WARN_64_TO_32_BIT_CONVERSION = YES;
				GCC_WARN_ABOUT_RETURN_TYPE = YES_ERROR;
				GCC_WARN_UNDECLARED_SELECTOR = YES;
				GCC_WARN_UNINITIALIZED_AUTOS = YES_AGGRESSIVE;
				GCC_WARN_UNUSED_FUNCTION = YES;
				GCC_WARN_UNUSED_VARIABLE = YES;
				IPHONEOS_DEPLOYMENT_TARGET = 10.3;
				MTL_ENABLE_DEBUG_INFO = NO;
				SDKROOT = iphoneos;
				VALIDATE_PRODUCT = YES;
			};
			name = Release;
		};
		2E3856061EE692580086BFCA /* Debug */ = {
			isa = XCBuildConfiguration;
			baseConfigurationReference = A3F813B954AE97BD05B39973 /* Pods-pull.debug.xcconfig */;
			buildSettings = {
				ASSETCATALOG_COMPILER_APPICON_NAME = AppIcon;
				COMPRESS_PNG_FILES = YES;
				DEVELOPMENT_TEAM = K4LGCP549G;
				INFOPLIST_FILE = pull/Info.plist;
				LD_RUNPATH_SEARCH_PATHS = "$(inherited) @executable_path/Frameworks";
				PRODUCT_BUNDLE_IDENTIFIER = com.qiwei.pull;
				PRODUCT_NAME = "$(TARGET_NAME)";
				USER_HEADER_SEARCH_PATHS = "$(PODS_ROOT)/**";
			};
			name = Debug;
		};
		2E3856071EE692580086BFCA /* Release */ = {
			isa = XCBuildConfiguration;
			baseConfigurationReference = 40CDD82C0E33C42B4AEA7A3A /* Pods-pull.release.xcconfig */;
			buildSettings = {
				ASSETCATALOG_COMPILER_APPICON_NAME = AppIcon;
				COMPRESS_PNG_FILES = YES;
				DEVELOPMENT_TEAM = K4LGCP549G;
				INFOPLIST_FILE = pull/Info.plist;
				LD_RUNPATH_SEARCH_PATHS = "$(inherited) @executable_path/Frameworks";
				PRODUCT_BUNDLE_IDENTIFIER = com.qiwei.pull;
				PRODUCT_NAME = "$(TARGET_NAME)";
				USER_HEADER_SEARCH_PATHS = "$(PODS_ROOT)/**";
			};
			name = Release;
		};
		2E3856091EE692580086BFCA /* Debug */ = {
			isa = XCBuildConfiguration;
			buildSettings = {
				BUNDLE_LOADER = "$(TEST_HOST)";
				DEVELOPMENT_TEAM = K4LGCP549G;
				INFOPLIST_FILE = pullTests/Info.plist;
				LD_RUNPATH_SEARCH_PATHS = "$(inherited) @executable_path/Frameworks @loader_path/Frameworks";
				PRODUCT_BUNDLE_IDENTIFIER = com.qiwei.pullTests;
				PRODUCT_NAME = "$(TARGET_NAME)";
				TEST_HOST = "$(BUILT_PRODUCTS_DIR)/pull.app/pull";
			};
			name = Debug;
		};
		2E38560A1EE692580086BFCA /* Release */ = {
			isa = XCBuildConfiguration;
			buildSettings = {
				BUNDLE_LOADER = "$(TEST_HOST)";
				DEVELOPMENT_TEAM = K4LGCP549G;
				INFOPLIST_FILE = pullTests/Info.plist;
				LD_RUNPATH_SEARCH_PATHS = "$(inherited) @executable_path/Frameworks @loader_path/Frameworks";
				PRODUCT_BUNDLE_IDENTIFIER = com.qiwei.pullTests;
				PRODUCT_NAME = "$(TARGET_NAME)";
				TEST_HOST = "$(BUILT_PRODUCTS_DIR)/pull.app/pull";
			};
			name = Release;
		};
		2E38560C1EE692580086BFCA /* Debug */ = {
			isa = XCBuildConfiguration;
			buildSettings = {
				DEVELOPMENT_TEAM = K4LGCP549G;
				INFOPLIST_FILE = pullUITests/Info.plist;
				LD_RUNPATH_SEARCH_PATHS = "$(inherited) @executable_path/Frameworks @loader_path/Frameworks";
				PRODUCT_BUNDLE_IDENTIFIER = com.qiwei.pullUITests;
				PRODUCT_NAME = "$(TARGET_NAME)";
				TEST_TARGET_NAME = pull;
			};
			name = Debug;
		};
		2E38560D1EE692580086BFCA /* Release */ = {
			isa = XCBuildConfiguration;
			buildSettings = {
				DEVELOPMENT_TEAM = K4LGCP549G;
				INFOPLIST_FILE = pullUITests/Info.plist;
				LD_RUNPATH_SEARCH_PATHS = "$(inherited) @executable_path/Frameworks @loader_path/Frameworks";
				PRODUCT_BUNDLE_IDENTIFIER = com.qiwei.pullUITests;
				PRODUCT_NAME = "$(TARGET_NAME)";
				TEST_TARGET_NAME = pull;
			};
			name = Release;
		};
/* End XCBuildConfiguration section */

/* Begin XCConfigurationList section */
		2E3855D31EE692580086BFCA /* Build configuration list for PBXProject "pull" */ = {
			isa = XCConfigurationList;
			buildConfigurations = (
				2E3856031EE692580086BFCA /* Debug */,
				2E3856041EE692580086BFCA /* Release */,
			);
			defaultConfigurationIsVisible = 0;
			defaultConfigurationName = Release;
		};
		2E3856051EE692580086BFCA /* Build configuration list for PBXNativeTarget "pull" */ = {
			isa = XCConfigurationList;
			buildConfigurations = (
				2E3856061EE692580086BFCA /* Debug */,
				2E3856071EE692580086BFCA /* Release */,
			);
			defaultConfigurationIsVisible = 0;
			defaultConfigurationName = Release;
		};
		2E3856081EE692580086BFCA /* Build configuration list for PBXNativeTarget "pullTests" */ = {
			isa = XCConfigurationList;
			buildConfigurations = (
				2E3856091EE692580086BFCA /* Debug */,
				2E38560A1EE692580086BFCA /* Release */,
			);
			defaultConfigurationIsVisible = 0;
			defaultConfigurationName = Release;
		};
		2E38560B1EE692580086BFCA /* Build configuration list for PBXNativeTarget "pullUITests" */ = {
			isa = XCConfigurationList;
			buildConfigurations = (
				2E38560C1EE692580086BFCA /* Debug */,
				2E38560D1EE692580086BFCA /* Release */,
			);
			defaultConfigurationIsVisible = 0;
			defaultConfigurationName = Release;
		};
/* End XCConfigurationList section */
	};
	rootObject = 2E3855D01EE692580086BFCA /* Project object */;
}
